
Microsoft Visual Studio Solution File, Format Version 12.00
# Visual Studio Version 16
VisualStudioVersion = 16.0.29519.181
MinimumVisualStudioVersion = 10.0.40219.1
Project("{9A19103F-16F7-4668-BE54-9A1E7A4F7556}") = "ScreenShotGenerator", "ScreenShotGenerator\ScreenShotGenerator.csproj", "{DEF5F230-E922-40A0-AD6D-75A3A64808E2}"
EndProject
Project("{FAE04EC0-301F-11D3-BF4B-00C04F79EFBC}") = "SeleniumExample", "SeleniumExample\SeleniumExample.csproj", "{20227B59-430C-4113-BE7E-652E839895AF}"
EndProject
Project("{FAE04EC0-301F-11D3-BF4B-00C04F79EFBC}") = "TestServices", "TestServices\TestServices.csproj", "{8B6B03A1-C7F4-45F6-816C-266AB8143D51}"
EndProject
Global
	GlobalSection(SolutionConfigurationPlatforms) = preSolution
		Debug|Any CPU = Debug|Any CPU
		Release|Any CPU = Release|Any CPU
	EndGlobalSection
	GlobalSection(ProjectConfigurationPlatforms) = postSolution
		{DEF5F230-E922-40A0-AD6D-75A3A64808E2}.Debug|Any CPU.ActiveCfg = Debug|Any CPU
		{DEF5F230-E922-40A0-AD6D-75A3A64808E2}.Debug|Any CPU.Build.0 = Debug|Any CPU
		{DEF5F230-E922-40A0-AD6D-75A3A64808E2}.Release|Any CPU.ActiveCfg = Release|Any CPU
		{DEF5F230-E922-40A0-AD6D-75A3A64808E2}.Release|Any CPU.Build.0 = Release|Any CPU
		{20227B59-430C-4113-BE7E-652E839895AF}.Debug|Any CPU.ActiveCfg = Debug|Any CPU
		{20227B59-430C-4113-BE7E-652E839895AF}.Debug|Any CPU.Build.0 = Debug|Any CPU
		{20227B59-430C-4113-BE7E-652E839895AF}.Release|Any CPU.ActiveCfg = Release|Any CPU
		{20227B59-430C-4113-BE7E-652E839895AF}.Release|Any CPU.Build.0 = Release|Any CPU
		{8B6B03A1-C7F4-45F6-816C-266AB8143D51}.Debug|Any CPU.ActiveCfg = Debug|Any CPU
		{8B6B03A1-C7F4-45F6-816C-266AB8143D51}.Debug|Any CPU.Build.0 = Debug|Any CPU
		{8B6B03A1-C7F4-45F6-816C-266AB8143D51}.Release|Any CPU.ActiveCfg = Release|Any CPU
		{8B6B03A1-C7F4-45F6-816C-266AB8143D51}.Release|Any CPU.Build.0 = Release|Any CPU
	EndGlobalSection
	GlobalSection(SolutionProperties) = preSolution
		HideSolutionNode = FALSE
	EndGlobalSection
	GlobalSection(ExtensibilityGlobals) = postSolution
		SolutionGuid = {B68969BA-688A-4737-A955-DA535CF1D11D}
	EndGlobalSection
EndGlobal
