
Microsoft Visual Studio Solution File, Format Version 12.00
# Visual Studio Version 17
VisualStudioVersion = 17.5.33530.505
MinimumVisualStudioVersion = 10.0.40219.1
Project("{FAE04EC0-301F-11D3-BF4B-00C04F79EFBC}") = "TestApplication", "TestApplication\TestApplication.csproj", "{57124F86-C870-4C6B-8C43-AAF80F4070F0}"
EndProject
Project("{FAE04EC0-301F-11D3-BF4B-00C04F79EFBC}") = "FileConverter", "FileConverter\FileConverter.csproj", "{4426E557-08C4-43FB-B9F7-09763C46597C}"
EndProject
Project("{FAE04EC0-301F-11D3-BF4B-00C04F79EFBC}") = "TestService", "TestService\TestService.csproj", "{148CE4B3-C0A0-4001-BD26-886068496863}"
EndProject
Global
	GlobalSection(SolutionConfigurationPlatforms) = preSolution
		Debug|Any CPU = Debug|Any CPU
		Release|Any CPU = Release|Any CPU
	EndGlobalSection
	GlobalSection(ProjectConfigurationPlatforms) = postSolution
		{57124F86-C870-4C6B-8C43-AAF80F4070F0}.Debug|Any CPU.ActiveCfg = Debug|Any CPU
		{57124F86-C870-4C6B-8C43-AAF80F4070F0}.Debug|Any CPU.Build.0 = Debug|Any CPU
		{57124F86-C870-4C6B-8C43-AAF80F4070F0}.Release|Any CPU.ActiveCfg = Release|Any CPU
		{57124F86-C870-4C6B-8C43-AAF80F4070F0}.Release|Any CPU.Build.0 = Release|Any CPU
		{4426E557-08C4-43FB-B9F7-09763C46597C}.Debug|Any CPU.ActiveCfg = Debug|Any CPU
		{4426E557-08C4-43FB-B9F7-09763C46597C}.Debug|Any CPU.Build.0 = Debug|Any CPU
		{4426E557-08C4-43FB-B9F7-09763C46597C}.Release|Any CPU.ActiveCfg = Release|Any CPU
		{4426E557-08C4-43FB-B9F7-09763C46597C}.Release|Any CPU.Build.0 = Release|Any CPU
		{148CE4B3-C0A0-4001-BD26-886068496863}.Debug|Any CPU.ActiveCfg = Debug|Any CPU
		{148CE4B3-C0A0-4001-BD26-886068496863}.Debug|Any CPU.Build.0 = Debug|Any CPU
		{148CE4B3-C0A0-4001-BD26-886068496863}.Release|Any CPU.ActiveCfg = Release|Any CPU
		{148CE4B3-C0A0-4001-BD26-886068496863}.Release|Any CPU.Build.0 = Release|Any CPU
	EndGlobalSection
	GlobalSection(SolutionProperties) = preSolution
		HideSolutionNode = FALSE
	EndGlobalSection
	GlobalSection(ExtensibilityGlobals) = postSolution
		SolutionGuid = {29E5C0B1-7D4E-45CC-B75A-7CFE9DC27B7A}
	EndGlobalSection
EndGlobal
